
Microsoft Visual Studio Solution File, Format Version 12.00
Project("{FAE04EC0-301F-11D3-BF4B-00C04F79EFBC}") = "LeetCode", "LeetCode\LeetCode.csproj", "{B18194C3-BC5F-483B-B0B7-EB364F4ADAC2}"
EndProject
Global
	GlobalSection(SolutionConfigurationPlatforms) = preSolution
		Debug|Any CPU = Debug|Any CPU
		Release|Any CPU = Release|Any CPU
	EndGlobalSection
	GlobalSection(ProjectConfigurationPlatforms) = postSolution
		{B18194C3-BC5F-483B-B0B7-EB364F4ADAC2}.Debug|Any CPU.ActiveCfg = Debug|Any CPU
		{B18194C3-BC5F-483B-B0B7-EB364F4ADAC2}.Debug|Any CPU.Build.0 = Debug|Any CPU
		{B18194C3-BC5F-483B-B0B7-EB364F4ADAC2}.Release|Any CPU.ActiveCfg = Release|Any CPU
		{B18194C3-BC5F-483B-B0B7-EB364F4ADAC2}.Release|Any CPU.Build.0 = Release|Any CPU
	EndGlobalSection
EndGlobal
